{
  "requires": true,
  "lockfileVersion": 1,
  "dependencies": {
    "@types/node": {
      "version": "10.11.7",
      "resolved": "https://registry.npmjs.org/@types/node/-/node-10.11.7.tgz",
      "integrity": "sha512-yOxFfkN9xUFLyvWaeYj90mlqTJ41CsQzWKS3gXdOMOyPVacUsymejKxJ4/pMW7exouubuEeZLJawGgcNGYlTeg=="
    },
    "typescript": {
      "version": "3.1.3",
      "resolved": "https://registry.npmjs.org/typescript/-/typescript-3.1.3.tgz",
      "integrity": "sha512-+81MUSyX+BaSo+u2RbozuQk/UWx6hfG0a5gHu4ANEM4sU96XbuIyAB+rWBW1u70c6a5QuZfuYICn3s2UjuHUpA=="
    }
  }
}
